PODS:
  - Flutter (1.0.0)
  - flutter_inappwebview (0.0.1):
    - Flutter
  - flutter_lottie (0.0.1):
    - Flutter
    - lottie-ios
  - flutter_webview_plugin (0.0.1):
    - Flutter
  - lottie-ios (2.5.3)
  - nfc_in_flutter (1.0.0):
    - Flutter
  - path_provider (0.0.1):
    - Flutter
  - path_provider_macos (0.0.1):
    - Flutter
  - permission_handler (3.3.0):
    - Flutter
  - r_scan (0.0.1):
    - Flutter
  - shared_preferences (0.0.1):
    - Flutter
  - shared_preferences_macos (0.0.1):
    - Flutter

DEPENDENCIES:
  - Flutter (from `Flutter`)
  - flutter_inappwebview (from `.symlinks/plugins/flutter_inappwebview/ios`)
  - flutter_lottie (from `.symlinks/plugins/flutter_lottie/ios`)
  - flutter_webview_plugin (from `.symlinks/plugins/flutter_webview_plugin/ios`)
  - nfc_in_flutter (from `.symlinks/plugins/nfc_in_flutter/ios`)
  - path_provider (from `.symlinks/plugins/path_provider/ios`)
  - path_provider_macos (from `.symlinks/plugins/path_provider_macos/ios`)
  - permission_handler (from `.symlinks/plugins/permission_handler/ios`)
  - r_scan (from `.symlinks/plugins/r_scan/ios`)
  - shared_preferences (from `.symlinks/plugins/shared_preferences/ios`)
  - shared_preferences_macos (from `.symlinks/plugins/shared_preferences_macos/ios`)

SPEC REPOS:
  https://github.com/CocoaPods/Specs.git:
    - lottie-ios

EXTERNAL SOURCES:
  Flutter:
    :path: Flutter
  flutter_inappwebview:
    :path: ".symlinks/plugins/flutter_inappwebview/ios"
  flutter_lottie:
    :path: ".symlinks/plugins/flutter_lottie/ios"
  flutter_webview_plugin:
    :path: ".symlinks/plugins/flutter_webview_plugin/ios"
  nfc_in_flutter:
    :path: ".symlinks/plugins/nfc_in_flutter/ios"
  path_provider:
    :path: ".symlinks/plugins/path_provider/ios"
  path_provider_macos:
    :path: ".symlinks/plugins/path_provider_macos/ios"
  permission_handler:
    :path: ".symlinks/plugins/permission_handler/ios"
  r_scan:
    :path: ".symlinks/plugins/r_scan/ios"
  shared_preferences:
    :path: ".symlinks/plugins/shared_preferences/ios"
  shared_preferences_macos:
    :path: ".symlinks/plugins/shared_preferences_macos/ios"

SPEC CHECKSUMS:
  Flutter: 0e3d915762c693b495b44d77113d4970485de6ec
  flutter_inappwebview: 239198123453705522ba6c4f78d3d7468215f248
  flutter_lottie: c1fd7e92e771209f8b623119646c15201c5e8c87
  flutter_webview_plugin: ed9e8a6a96baf0c867e90e1bce2673913eeac694
  lottie-ios: a50d5c0160425cd4b01b852bb9578963e6d92d31
  nfc_in_flutter: c656fbfb1ec5b9d021da87b0c87629d62fd5264d
  path_provider: fb74bd0465e96b594bb3b5088ee4a4e7bb1f2a9d
  path_provider_macos: f760a3c5b04357c380e2fddb6f9db6f3015897e0
  permission_handler: 67637977b227d62d46bfbf524f335f8568de5a73
  r_scan: ff1d53ccf15e760a9b244da3bbf3c5ec7bd763b4
  shared_preferences: 430726339841afefe5142b9c1f50cb6bd7793e01
  shared_preferences_macos: f3f29b71ccbb56bf40c9dd6396c9acf15e214087

PODFILE CHECKSUM: 1b66dae606f75376c5f2135a8290850eeb09ae83

COCOAPODS: 1.8.3
